// !$*UTF8*$!
{
	archiveVersion = 1;
	classes = {
	};
	objectVersion = 56;
	objects = {

/* Begin PBXBuildFile section */
		AF00D8032971B743005B6C5D /* FirebaseAuth in Frameworks */ = {isa = PBXBuildFile; productRef = AF00D8022971B743005B6C5D /* FirebaseAuth */; };
		AF00D8052971B743005B6C5D /* FirebaseDatabase in Frameworks */ = {isa = PBXBuildFile; productRef = AF00D8042971B743005B6C5D /* FirebaseDatabase */; };
		AF00D8072971B743005B6C5D /* FirebaseFirestore in Frameworks */ = {isa = PBXBuildFile; productRef = AF00D8062971B743005B6C5D /* FirebaseFirestore */; };
		AF00D8092971B866005B6C5D /* GoogleService-Info.plist in Resources */ = {isa = PBXBuildFile; fileRef = AF00D8082971B866005B6C5D /* GoogleService-Info.plist */; };
		AF00D80D2972B16B005B6C5D /* LoginViewController.swift in Sources */ = {isa = PBXBuildFile; fileRef = AF00D80C2972B16B005B6C5D /* LoginViewController.swift */; };
		AF00D80F2972B261005B6C5D /* LoginView.swift in Sources */ = {isa = PBXBuildFile; fileRef = AF00D80E2972B261005B6C5D /* LoginView.swift */; };
		AF00D8112972F171005B6C5D /* LoginPresenter.swift in Sources */ = {isa = PBXBuildFile; fileRef = AF00D8102972F171005B6C5D /* LoginPresenter.swift */; };
		AF00D81629742D06005B6C5D /* AppModuleBuilder.swift in Sources */ = {isa = PBXBuildFile; fileRef = AF00D81529742D06005B6C5D /* AppModuleBuilder.swift */; };
		AF00D81929743C17005B6C5D /* CustomButton.swift in Sources */ = {isa = PBXBuildFile; fileRef = AF00D81829743C17005B6C5D /* CustomButton.swift */; };
		AF7AAF77296D54C7001DF0CD /* AppDelegate.swift in Sources */ = {isa = PBXBuildFile; fileRef = AF7AAF76296D54C7001DF0CD /* AppDelegate.swift */; };
		AF7AAF7B296D54C7001DF0CD /* ViewController.swift in Sources */ = {isa = PBXBuildFile; fileRef = AF7AAF7A296D54C7001DF0CD /* ViewController.swift */; };
		AF7AAF80296D54C9001DF0CD /* Assets.xcassets in Resources */ = {isa = PBXBuildFile; fileRef = AF7AAF7F296D54C9001DF0CD /* Assets.xcassets */; };
		AF7AAF83296D54C9001DF0CD /* LaunchScreen.storyboard in Resources */ = {isa = PBXBuildFile; fileRef = AF7AAF81296D54C9001DF0CD /* LaunchScreen.storyboard */; };
		EF51CE102975F87300B865E8 /* RegistrationView.swift in Sources */ = {isa = PBXBuildFile; fileRef = EF51CE0F2975F87300B865E8 /* RegistrationView.swift */; };
		EF51CE16297730CA00B865E8 /* RegistrationViewController.swift in Sources */ = {isa = PBXBuildFile; fileRef = EF51CE15297730CA00B865E8 /* RegistrationViewController.swift */; };
		EF51CE18297730E900B865E8 /* RegistrationPresenter.swift in Sources */ = {isa = PBXBuildFile; fileRef = EF51CE17297730E900B865E8 /* RegistrationPresenter.swift */; };
		EF5D25CE296D922600B6F3B1 /* UserModel.swift in Sources */ = {isa = PBXBuildFile; fileRef = EF5D25CD296D922600B6F3B1 /* UserModel.swift */; };
		EF5D25D129705BAE00B6F3B1 /* UIColor+Extensions.swift in Sources */ = {isa = PBXBuildFile; fileRef = EF5D25D029705BAE00B6F3B1 /* UIColor+Extensions.swift */; };
		EF5D25D3297080E400B6F3B1 /* AppStyles.swift in Sources */ = {isa = PBXBuildFile; fileRef = EF5D25D2297080E400B6F3B1 /* AppStyles.swift */; };
		EF5D25D72971D7DC00B6F3B1 /* CustomTextField.swift in Sources */ = {isa = PBXBuildFile; fileRef = EF5D25D62971D7DC00B6F3B1 /* CustomTextField.swift */; };
		F2039603297C2D7C00F655C2 /* AppUITestsLaunchArguments.swift in Sources */ = {isa = PBXBuildFile; fileRef = F2039602297C2D7C00F655C2 /* AppUITestsLaunchArguments.swift */; };
		F2039605297C2DAA00F655C2 /* MatchesViewUITests.swift in Sources */ = {isa = PBXBuildFile; fileRef = F2039604297C2DAA00F655C2 /* MatchesViewUITests.swift */; };
		F2039606297C2DAE00F655C2 /* AppUITestsLaunchArguments.swift in Sources */ = {isa = PBXBuildFile; fileRef = F2039602297C2D7C00F655C2 /* AppUITestsLaunchArguments.swift */; };
		F23AF69529742A8000584F85 /* HeaderView.swift in Sources */ = {isa = PBXBuildFile; fileRef = F23AF69429742A8000584F85 /* HeaderView.swift */; };
		F26C37C92976E0C400E14944 /* UserInfoView.swift in Sources */ = {isa = PBXBuildFile; fileRef = F26C37C82976E0C400E14944 /* UserInfoView.swift */; };
		F2E59C3F29759582008773E8 /* MatchesViewController.swift in Sources */ = {isa = PBXBuildFile; fileRef = F2E59C3E29759582008773E8 /* MatchesViewController.swift */; };
		F2E59C412975962D008773E8 /* MatchesView.swift in Sources */ = {isa = PBXBuildFile; fileRef = F2E59C402975962D008773E8 /* MatchesView.swift */; };
		F2E59C432975AA0E008773E8 /* MatchesPresenter.swift in Sources */ = {isa = PBXBuildFile; fileRef = F2E59C422975AA0E008773E8 /* MatchesPresenter.swift */; };
		F2E59C452975AC7F008773E8 /* MatchesTableViewCell.swift in Sources */ = {isa = PBXBuildFile; fileRef = F2E59C442975AC7F008773E8 /* MatchesTableViewCell.swift */; };
		F2F66FD9296D7C45000CF8A8 /* MainViewController.swift in Sources */ = {isa = PBXBuildFile; fileRef = F2F66FD8296D7C45000CF8A8 /* MainViewController.swift */; };
		F2F66FDC296D81A4000CF8A8 /* AppData.swift in Sources */ = {isa = PBXBuildFile; fileRef = F2F66FDB296D81A4000CF8A8 /* AppData.swift */; };
/* End PBXBuildFile section */

/* Begin PBXContainerItemProxy section */
		F20395FD297C2D2000F655C2 /* PBXContainerItemProxy */ = {
			isa = PBXContainerItemProxy;
			containerPortal = AF7AAF6B296D54C7001DF0CD /* Project object */;
			proxyType = 1;
			remoteGlobalIDString = AF7AAF72296D54C7001DF0CD;
			remoteInfo = BeerBuddy;
		};
/* End PBXContainerItemProxy section */

/* Begin PBXFileReference section */
		AF00D8082971B866005B6C5D /* GoogleService-Info.plist */ = {isa = PBXFileReference; fileEncoding = 4; lastKnownFileType = text.plist.xml; path = "GoogleService-Info.plist"; sourceTree = "<group>"; };
		AF00D80C2972B16B005B6C5D /* LoginViewController.swift */ = {isa = PBXFileReference; lastKnownFileType = sourcecode.swift; path = LoginViewController.swift; sourceTree = "<group>"; };
		AF00D80E2972B261005B6C5D /* LoginView.swift */ = {isa = PBXFileReference; lastKnownFileType = sourcecode.swift; path = LoginView.swift; sourceTree = "<group>"; };
		AF00D8102972F171005B6C5D /* LoginPresenter.swift */ = {isa = PBXFileReference; lastKnownFileType = sourcecode.swift; path = LoginPresenter.swift; sourceTree = "<group>"; };
		AF00D81529742D06005B6C5D /* AppModuleBuilder.swift */ = {isa = PBXFileReference; lastKnownFileType = sourcecode.swift; path = AppModuleBuilder.swift; sourceTree = "<group>"; };
		AF00D81829743C17005B6C5D /* CustomButton.swift */ = {isa = PBXFileReference; lastKnownFileType = sourcecode.swift; path = CustomButton.swift; sourceTree = "<group>"; };
		AF7AAF73296D54C7001DF0CD /* BeerBuddy.app */ = {isa = PBXFileReference; explicitFileType = wrapper.application; includeInIndex = 0; path = BeerBuddy.app; sourceTree = BUILT_PRODUCTS_DIR; };
		AF7AAF76296D54C7001DF0CD /* AppDelegate.swift */ = {isa = PBXFileReference; lastKnownFileType = sourcecode.swift; path = AppDelegate.swift; sourceTree = "<group>"; };
		AF7AAF7A296D54C7001DF0CD /* ViewController.swift */ = {isa = PBXFileReference; lastKnownFileType = sourcecode.swift; path = ViewController.swift; sourceTree = "<group>"; };
		AF7AAF7F296D54C9001DF0CD /* Assets.xcassets */ = {isa = PBXFileReference; lastKnownFileType = folder.assetcatalog; path = Assets.xcassets; sourceTree = "<group>"; };
		AF7AAF82296D54C9001DF0CD /* Base */ = {isa = PBXFileReference; lastKnownFileType = file.storyboard; name = Base; path = Base.lproj/LaunchScreen.storyboard; sourceTree = "<group>"; };
		AF7AAF84296D54C9001DF0CD /* Info.plist */ = {isa = PBXFileReference; lastKnownFileType = text.plist.xml; path = Info.plist; sourceTree = "<group>"; };
		EF51CE0F2975F87300B865E8 /* RegistrationView.swift */ = {isa = PBXFileReference; lastKnownFileType = sourcecode.swift; path = RegistrationView.swift; sourceTree = "<group>"; };
		EF51CE15297730CA00B865E8 /* RegistrationViewController.swift */ = {isa = PBXFileReference; lastKnownFileType = sourcecode.swift; path = RegistrationViewController.swift; sourceTree = "<group>"; };
		EF51CE17297730E900B865E8 /* RegistrationPresenter.swift */ = {isa = PBXFileReference; lastKnownFileType = sourcecode.swift; path = RegistrationPresenter.swift; sourceTree = "<group>"; };
		EF5D25CD296D922600B6F3B1 /* UserModel.swift */ = {isa = PBXFileReference; lastKnownFileType = sourcecode.swift; path = UserModel.swift; sourceTree = "<group>"; };
		EF5D25D029705BAE00B6F3B1 /* UIColor+Extensions.swift */ = {isa = PBXFileReference; lastKnownFileType = sourcecode.swift; path = "UIColor+Extensions.swift"; sourceTree = "<group>"; };
		EF5D25D2297080E400B6F3B1 /* AppStyles.swift */ = {isa = PBXFileReference; lastKnownFileType = sourcecode.swift; path = AppStyles.swift; sourceTree = "<group>"; };
		EF5D25D62971D7DC00B6F3B1 /* CustomTextField.swift */ = {isa = PBXFileReference; lastKnownFileType = sourcecode.swift; path = CustomTextField.swift; sourceTree = "<group>"; };
		F20395F7297C2D2000F655C2 /* BeerBuddyUITests.xctest */ = {isa = PBXFileReference; explicitFileType = wrapper.cfbundle; includeInIndex = 0; path = BeerBuddyUITests.xctest; sourceTree = BUILT_PRODUCTS_DIR; };
		F2039602297C2D7C00F655C2 /* AppUITestsLaunchArguments.swift */ = {isa = PBXFileReference; lastKnownFileType = sourcecode.swift; path = AppUITestsLaunchArguments.swift; sourceTree = "<group>"; };
		F2039604297C2DAA00F655C2 /* MatchesViewUITests.swift */ = {isa = PBXFileReference; lastKnownFileType = sourcecode.swift; path = MatchesViewUITests.swift; sourceTree = "<group>"; };
		F23AF69429742A8000584F85 /* HeaderView.swift */ = {isa = PBXFileReference; lastKnownFileType = sourcecode.swift; path = HeaderView.swift; sourceTree = "<group>"; };
		F26C37C82976E0C400E14944 /* UserInfoView.swift */ = {isa = PBXFileReference; lastKnownFileType = sourcecode.swift; path = UserInfoView.swift; sourceTree = "<group>"; };
		F2E59C3E29759582008773E8 /* MatchesViewController.swift */ = {isa = PBXFileReference; lastKnownFileType = sourcecode.swift; path = MatchesViewController.swift; sourceTree = "<group>"; };
		F2E59C402975962D008773E8 /* MatchesView.swift */ = {isa = PBXFileReference; lastKnownFileType = sourcecode.swift; path = MatchesView.swift; sourceTree = "<group>"; };
		F2E59C422975AA0E008773E8 /* MatchesPresenter.swift */ = {isa = PBXFileReference; lastKnownFileType = sourcecode.swift; path = MatchesPresenter.swift; sourceTree = "<group>"; };
		F2E59C442975AC7F008773E8 /* MatchesTableViewCell.swift */ = {isa = PBXFileReference; lastKnownFileType = sourcecode.swift; path = MatchesTableViewCell.swift; sourceTree = "<group>"; };
		F2F66FD8296D7C45000CF8A8 /* MainViewController.swift */ = {isa = PBXFileReference; lastKnownFileType = sourcecode.swift; path = MainViewController.swift; sourceTree = "<group>"; };
		F2F66FDB296D81A4000CF8A8 /* AppData.swift */ = {isa = PBXFileReference; lastKnownFileType = sourcecode.swift; path = AppData.swift; sourceTree = "<group>"; };
/* End PBXFileReference section */

/* Begin PBXFrameworksBuildPhase section */
		AF7AAF70296D54C7001DF0CD /* Frameworks */ = {
			isa = PBXFrameworksBuildPhase;
			buildActionMask = 2147483647;
			files = (
				AF00D8052971B743005B6C5D /* FirebaseDatabase in Frameworks */,
				AF00D8032971B743005B6C5D /* FirebaseAuth in Frameworks */,
				AF00D8072971B743005B6C5D /* FirebaseFirestore in Frameworks */,
			);
			runOnlyForDeploymentPostprocessing = 0;
		};
		F20395F4297C2D2000F655C2 /* Frameworks */ = {
			isa = PBXFrameworksBuildPhase;
			buildActionMask = 2147483647;
			files = (
			);
			runOnlyForDeploymentPostprocessing = 0;
		};
/* End PBXFrameworksBuildPhase section */

/* Begin PBXGroup section */
		AF00D80B2972B14C005B6C5D /* LoginView */ = {
			isa = PBXGroup;
			children = (
				AF00D80C2972B16B005B6C5D /* LoginViewController.swift */,
				AF00D80E2972B261005B6C5D /* LoginView.swift */,
				AF00D8102972F171005B6C5D /* LoginPresenter.swift */,
			);
			path = LoginView;
			sourceTree = "<group>";
		};
		AF00D81429742CC7005B6C5D /* Builder */ = {
			isa = PBXGroup;
			children = (
				AF00D81529742D06005B6C5D /* AppModuleBuilder.swift */,
			);
			path = Builder;
			sourceTree = "<group>";
		};
		AF00D81729743C00005B6C5D /* CustomButton */ = {
			isa = PBXGroup;
			children = (
				AF00D81829743C17005B6C5D /* CustomButton.swift */,
			);
			path = CustomButton;
			sourceTree = "<group>";
		};
		AF7AAF6A296D54C7001DF0CD = {
			isa = PBXGroup;
			children = (
				AF7AAF75296D54C7001DF0CD /* BeerBuddy */,
				F20395F8297C2D2000F655C2 /* BeerBuddyUITests */,
				AF7AAF74296D54C7001DF0CD /* Products */,
			);
			sourceTree = "<group>";
		};
		AF7AAF74296D54C7001DF0CD /* Products */ = {
			isa = PBXGroup;
			children = (
				AF7AAF73296D54C7001DF0CD /* BeerBuddy.app */,
				F20395F7297C2D2000F655C2 /* BeerBuddyUITests.xctest */,
			);
			name = Products;
			sourceTree = "<group>";
		};
		AF7AAF75296D54C7001DF0CD /* BeerBuddy */ = {
			isa = PBXGroup;
			children = (
				F286E3D4296D6E1300B0D3EC /* App */,
				AF7AAF76296D54C7001DF0CD /* AppDelegate.swift */,
				F286E3D5296D6E2000B0D3EC /* Core */,
				F286E3D6296D6E2800B0D3EC /* Resources */,
				F286E3D7296D6EFB00B0D3EC /* Environments */,
			);
			path = BeerBuddy;
			sourceTree = "<group>";
		};
		EF51CE0E2975F85F00B865E8 /* RegistrationView */ = {
			isa = PBXGroup;
			children = (
				EF51CE15297730CA00B865E8 /* RegistrationViewController.swift */,
				EF51CE0F2975F87300B865E8 /* RegistrationView.swift */,
				EF51CE17297730E900B865E8 /* RegistrationPresenter.swift */,
			);
			path = RegistrationView;
			sourceTree = "<group>";
		};
		EF5D25CC296D921600B6F3B1 /* UserModel */ = {
			isa = PBXGroup;
			children = (
				EF5D25CD296D922600B6F3B1 /* UserModel.swift */,
			);
			path = UserModel;
			sourceTree = "<group>";
		};
		EF5D25CF29705B8D00B6F3B1 /* Extensions */ = {
			isa = PBXGroup;
			children = (
				EF5D25D029705BAE00B6F3B1 /* UIColor+Extensions.swift */,
			);
			path = Extensions;
			sourceTree = "<group>";
		};
		EF5D25D42971D77B00B6F3B1 /* Custom Views */ = {
			isa = PBXGroup;
			children = (
				F26C37C72976E09D00E14944 /* UserInfo */,
				AF00D81729743C00005B6C5D /* CustomButton */,
				F23AF69329742A6E00584F85 /* Header */,
				EF5D25D52971D78700B6F3B1 /* Text Field */,
			);
			path = "Custom Views";
			sourceTree = "<group>";
		};
		EF5D25D52971D78700B6F3B1 /* Text Field */ = {
			isa = PBXGroup;
			children = (
				EF5D25D62971D7DC00B6F3B1 /* CustomTextField.swift */,
			);
			path = "Text Field";
			sourceTree = "<group>";
		};
		F20395F8297C2D2000F655C2 /* BeerBuddyUITests */ = {
			isa = PBXGroup;
			children = (
				F2039602297C2D7C00F655C2 /* AppUITestsLaunchArguments.swift */,
				F2039604297C2DAA00F655C2 /* MatchesViewUITests.swift */,
			);
			path = BeerBuddyUITests;
			sourceTree = "<group>";
		};
		F23AF69329742A6E00584F85 /* Header */ = {
			isa = PBXGroup;
			children = (
				F23AF69429742A8000584F85 /* HeaderView.swift */,
			);
			path = Header;
			sourceTree = "<group>";
		};
		F26C37C72976E09D00E14944 /* UserInfo */ = {
			isa = PBXGroup;
			children = (
				F26C37C82976E0C400E14944 /* UserInfoView.swift */,
			);
			path = UserInfo;
			sourceTree = "<group>";
		};
		F286E3D4296D6E1300B0D3EC /* App */ = {
			isa = PBXGroup;
			children = (
				F286E3D9296D6F4200B0D3EC /* BusinessLogic */,
				F286E3DA296D6F5100B0D3EC /* Entity */,
				F286E3D8296D6F1200B0D3EC /* Flows */,
			);
			path = App;
			sourceTree = "<group>";
		};
		F286E3D5296D6E2000B0D3EC /* Core */ = {
			isa = PBXGroup;
			children = (
				AF00D81429742CC7005B6C5D /* Builder */,
				EF5D25CF29705B8D00B6F3B1 /* Extensions */,
				F2F66FDA296D8190000CF8A8 /* Namespace */,
			);
			path = Core;
			sourceTree = "<group>";
		};
		F286E3D6296D6E2800B0D3EC /* Resources */ = {
			isa = PBXGroup;
			children = (
				AF7AAF7F296D54C9001DF0CD /* Assets.xcassets */,
				AF7AAF81296D54C9001DF0CD /* LaunchScreen.storyboard */,
			);
			path = Resources;
			sourceTree = "<group>";
		};
		F286E3D7296D6EFB00B0D3EC /* Environments */ = {
			isa = PBXGroup;
			children = (
				AF7AAF84296D54C9001DF0CD /* Info.plist */,
				AF00D8082971B866005B6C5D /* GoogleService-Info.plist */,
			);
			path = Environments;
			sourceTree = "<group>";
		};
		F286E3D8296D6F1200B0D3EC /* Flows */ = {
			isa = PBXGroup;
			children = (
				EF51CE0E2975F85F00B865E8 /* RegistrationView */,
				F2E59C3D2975955D008773E8 /* Matches */,
				AF00D80B2972B14C005B6C5D /* LoginView */,
				EF5D25D42971D77B00B6F3B1 /* Custom Views */,
				F2F66FD7296D7C1C000CF8A8 /* Main */,
				AF7AAF7A296D54C7001DF0CD /* ViewController.swift */,
			);
			path = Flows;
			sourceTree = "<group>";
		};
		F286E3D9296D6F4200B0D3EC /* BusinessLogic */ = {
			isa = PBXGroup;
			children = (
			);
			path = BusinessLogic;
			sourceTree = "<group>";
		};
		F286E3DA296D6F5100B0D3EC /* Entity */ = {
			isa = PBXGroup;
			children = (
				EF5D25CC296D921600B6F3B1 /* UserModel */,
			);
			path = Entity;
			sourceTree = "<group>";
		};
		F2E59C3D2975955D008773E8 /* Matches */ = {
			isa = PBXGroup;
			children = (
				F2E59C3E29759582008773E8 /* MatchesViewController.swift */,
				F2E59C402975962D008773E8 /* MatchesView.swift */,
				F2E59C422975AA0E008773E8 /* MatchesPresenter.swift */,
				F2E59C442975AC7F008773E8 /* MatchesTableViewCell.swift */,
			);
			path = Matches;
			sourceTree = "<group>";
		};
		F2F66FD7296D7C1C000CF8A8 /* Main */ = {
			isa = PBXGroup;
			children = (
				F2F66FD8296D7C45000CF8A8 /* MainViewController.swift */,
			);
			path = Main;
			sourceTree = "<group>";
		};
		F2F66FDA296D8190000CF8A8 /* Namespace */ = {
			isa = PBXGroup;
			children = (
				F2F66FDB296D81A4000CF8A8 /* AppData.swift */,
				EF5D25D2297080E400B6F3B1 /* AppStyles.swift */,
			);
			path = Namespace;
			sourceTree = "<group>";
		};
/* End PBXGroup section */

/* Begin PBXNativeTarget section */
		AF7AAF72296D54C7001DF0CD /* BeerBuddy */ = {
			isa = PBXNativeTarget;
			buildConfigurationList = AF7AAF87296D54C9001DF0CD /* Build configuration list for PBXNativeTarget "BeerBuddy" */;
			buildPhases = (
				AF7AAF6F296D54C7001DF0CD /* Sources */,
				AF7AAF70296D54C7001DF0CD /* Frameworks */,
				AF7AAF71296D54C7001DF0CD /* Resources */,
				F286E3D3296D59FB00B0D3EC /* ShellScript */,
			);
			buildRules = (
			);
			dependencies = (
			);
			name = BeerBuddy;
			packageProductDependencies = (
				AF00D8022971B743005B6C5D /* FirebaseAuth */,
				AF00D8042971B743005B6C5D /* FirebaseDatabase */,
				AF00D8062971B743005B6C5D /* FirebaseFirestore */,
			);
			productName = BeerBuddy;
			productReference = AF7AAF73296D54C7001DF0CD /* BeerBuddy.app */;
			productType = "com.apple.product-type.application";
		};
		F20395F6297C2D2000F655C2 /* BeerBuddyUITests */ = {
			isa = PBXNativeTarget;
			buildConfigurationList = F2039601297C2D2000F655C2 /* Build configuration list for PBXNativeTarget "BeerBuddyUITests" */;
			buildPhases = (
				F20395F3297C2D2000F655C2 /* Sources */,
				F20395F4297C2D2000F655C2 /* Frameworks */,
				F20395F5297C2D2000F655C2 /* Resources */,
			);
			buildRules = (
			);
			dependencies = (
				F20395FE297C2D2000F655C2 /* PBXTargetDependency */,
			);
			name = BeerBuddyUITests;
			productName = BeerBuddyUITests;
			productReference = F20395F7297C2D2000F655C2 /* BeerBuddyUITests.xctest */;
			productType = "com.apple.product-type.bundle.ui-testing";
		};
/* End PBXNativeTarget section */

/* Begin PBXProject section */
		AF7AAF6B296D54C7001DF0CD /* Project object */ = {
			isa = PBXProject;
			attributes = {
				BuildIndependentTargetsInParallel = 1;
				LastSwiftUpdateCheck = 1420;
				LastUpgradeCheck = 1420;
				TargetAttributes = {
					AF7AAF72296D54C7001DF0CD = {
						CreatedOnToolsVersion = 14.2;
					};
					F20395F6297C2D2000F655C2 = {
						CreatedOnToolsVersion = 14.2;
						LastSwiftMigration = 1420;
						TestTargetID = AF7AAF72296D54C7001DF0CD;
					};
				};
			};
			buildConfigurationList = AF7AAF6E296D54C7001DF0CD /* Build configuration list for PBXProject "BeerBuddy" */;
			compatibilityVersion = "Xcode 14.0";
			developmentRegion = en;
			hasScannedForEncodings = 0;
			knownRegions = (
				en,
				Base,
			);
			mainGroup = AF7AAF6A296D54C7001DF0CD;
			packageReferences = (
				AF00D8012971B743005B6C5D /* XCRemoteSwiftPackageReference "firebase-ios-sdk" */,
			);
			productRefGroup = AF7AAF74296D54C7001DF0CD /* Products */;
			projectDirPath = "";
			projectRoot = "";
			targets = (
				AF7AAF72296D54C7001DF0CD /* BeerBuddy */,
				F20395F6297C2D2000F655C2 /* BeerBuddyUITests */,
			);
		};
/* End PBXProject section */

/* Begin PBXResourcesBuildPhase section */
		AF7AAF71296D54C7001DF0CD /* Resources */ = {
			isa = PBXResourcesBuildPhase;
			buildActionMask = 2147483647;
			files = (
				AF7AAF83296D54C9001DF0CD /* LaunchScreen.storyboard in Resources */,
				AF7AAF80296D54C9001DF0CD /* Assets.xcassets in Resources */,
				AF00D8092971B866005B6C5D /* GoogleService-Info.plist in Resources */,
			);
			runOnlyForDeploymentPostprocessing = 0;
		};
		F20395F5297C2D2000F655C2 /* Resources */ = {
			isa = PBXResourcesBuildPhase;
			buildActionMask = 2147483647;
			files = (
			);
			runOnlyForDeploymentPostprocessing = 0;
		};
/* End PBXResourcesBuildPhase section */

/* Begin PBXShellScriptBuildPhase section */
		F286E3D3296D59FB00B0D3EC /* ShellScript */ = {
			isa = PBXShellScriptBuildPhase;
			alwaysOutOfDate = 1;
			buildActionMask = 2147483647;
			files = (
			);
			inputFileListPaths = (
			);
			inputPaths = (
			);
			outputFileListPaths = (
			);
			outputPaths = (
			);
			runOnlyForDeploymentPostprocessing = 0;
			shellPath = /bin/sh;
			shellScript = "# Type a script or drag a script file from your workspace to insert its path.\nexport PATH=\"$PATH:/opt/homebrew/bin\"\nif which swiftlint > /dev/null; then\n  swiftlint\nelse\n  echo \"warning: SwiftLint not installed, download from https://github.com/realm/SwiftLint\"\nfi\n";
		};
/* End PBXShellScriptBuildPhase section */

/* Begin PBXSourcesBuildPhase section */
		AF7AAF6F296D54C7001DF0CD /* Sources */ = {
			isa = PBXSourcesBuildPhase;
			buildActionMask = 2147483647;
			files = (
				F2039606297C2DAE00F655C2 /* AppUITestsLaunchArguments.swift in Sources */,
				F2F66FD9296D7C45000CF8A8 /* MainViewController.swift in Sources */,
				F2E59C452975AC7F008773E8 /* MatchesTableViewCell.swift in Sources */,
				F23AF69529742A8000584F85 /* HeaderView.swift in Sources */,
				F2E59C412975962D008773E8 /* MatchesView.swift in Sources */,
				EF5D25D3297080E400B6F3B1 /* AppStyles.swift in Sources */,
				EF5D25D129705BAE00B6F3B1 /* UIColor+Extensions.swift in Sources */,
				EF51CE102975F87300B865E8 /* RegistrationView.swift in Sources */,
				AF00D81929743C17005B6C5D /* CustomButton.swift in Sources */,
				AF00D81629742D06005B6C5D /* AppModuleBuilder.swift in Sources */,
				AF00D80F2972B261005B6C5D /* LoginView.swift in Sources */,
				AF00D8112972F171005B6C5D /* LoginPresenter.swift in Sources */,
				F2E59C432975AA0E008773E8 /* MatchesPresenter.swift in Sources */,
				AF7AAF7B296D54C7001DF0CD /* ViewController.swift in Sources */,
				EF51CE18297730E900B865E8 /* RegistrationPresenter.swift in Sources */,
				EF51CE16297730CA00B865E8 /* RegistrationViewController.swift in Sources */,
				AF00D80D2972B16B005B6C5D /* LoginViewController.swift in Sources */,
				EF5D25D72971D7DC00B6F3B1 /* CustomTextField.swift in Sources */,
				F2E59C3F29759582008773E8 /* MatchesViewController.swift in Sources */,
				EF5D25CE296D922600B6F3B1 /* UserModel.swift in Sources */,
				AF7AAF77296D54C7001DF0CD /* AppDelegate.swift in Sources */,
				F26C37C92976E0C400E14944 /* UserInfoView.swift in Sources */,
				F2F66FDC296D81A4000CF8A8 /* AppData.swift in Sources */,
			);
			runOnlyForDeploymentPostprocessing = 0;
		};
		F20395F3297C2D2000F655C2 /* Sources */ = {
			isa = PBXSourcesBuildPhase;
			buildActionMask = 2147483647;
			files = (
				F2039605297C2DAA00F655C2 /* MatchesViewUITests.swift in Sources */,
				F2039603297C2D7C00F655C2 /* AppUITestsLaunchArguments.swift in Sources */,
			);
			runOnlyForDeploymentPostprocessing = 0;
		};
/* End PBXSourcesBuildPhase section */

/* Begin PBXTargetDependency section */
		F20395FE297C2D2000F655C2 /* PBXTargetDependency */ = {
			isa = PBXTargetDependency;
			target = AF7AAF72296D54C7001DF0CD /* BeerBuddy */;
			targetProxy = F20395FD297C2D2000F655C2 /* PBXContainerItemProxy */;
		};
/* End PBXTargetDependency section */

/* Begin PBXVariantGroup section */
		AF7AAF81296D54C9001DF0CD /* LaunchScreen.storyboard */ = {
			isa = PBXVariantGroup;
			children = (
				AF7AAF82296D54C9001DF0CD /* Base */,
			);
			name = LaunchScreen.storyboard;
			sourceTree = "<group>";
		};
/* End PBXVariantGroup section */

/* Begin XCBuildConfiguration section */
		AF7AAF85296D54C9001DF0CD /* Debug */ = {
			isa = XCBuildConfiguration;
			buildSettings = {
				ALWAYS_SEARCH_USER_PATHS = NO;
				CLANG_ANALYZER_NONNULL = YES;
				CLANG_ANALYZER_NUMBER_OBJECT_CONVERSION = YES_AGGRESSIVE;
				CLANG_CXX_LANGUAGE_STANDARD = "gnu++20";
				CLANG_ENABLE_MODULES = YES;
				CLANG_ENABLE_OBJC_ARC = YES;
				CLANG_ENABLE_OBJC_WEAK = YES;
				CLANG_WARN_BLOCK_CAPTURE_AUTORELEASING = YES;
				CLANG_WARN_BOOL_CONVERSION = YES;
				CLANG_WARN_COMMA = YES;
				CLANG_WARN_CONSTANT_CONVERSION = YES;
				CLANG_WARN_DEPRECATED_OBJC_IMPLEMENTATIONS = YES;
				CLANG_WARN_DIRECT_OBJC_ISA_USAGE = YES_ERROR;
				CLANG_WARN_DOCUMENTATION_COMMENTS = YES;
				CLANG_WARN_EMPTY_BODY = YES;
				CLANG_WARN_ENUM_CONVERSION = YES;
				CLANG_WARN_INFINITE_RECURSION = YES;
				CLANG_WARN_INT_CONVERSION = YES;
				CLANG_WARN_NON_LITERAL_NULL_CONVERSION = YES;
				CLANG_WARN_OBJC_IMPLICIT_RETAIN_SELF = YES;
				CLANG_WARN_OBJC_LITERAL_CONVERSION = YES;
				CLANG_WARN_OBJC_ROOT_CLASS = YES_ERROR;
				CLANG_WARN_QUOTED_INCLUDE_IN_FRAMEWORK_HEADER = YES;
				CLANG_WARN_RANGE_LOOP_ANALYSIS = YES;
				CLANG_WARN_STRICT_PROTOTYPES = YES;
				CLANG_WARN_SUSPICIOUS_MOVE = YES;
				CLANG_WARN_UNGUARDED_AVAILABILITY = YES_AGGRESSIVE;
				CLANG_WARN_UNREACHABLE_CODE = YES;
				CLANG_WARN__DUPLICATE_METHOD_MATCH = YES;
				COPY_PHASE_STRIP = NO;
				DEBUG_INFORMATION_FORMAT = dwarf;
				ENABLE_STRICT_OBJC_MSGSEND = YES;
				ENABLE_TESTABILITY = YES;
				GCC_C_LANGUAGE_STANDARD = gnu11;
				GCC_DYNAMIC_NO_PIC = NO;
				GCC_NO_COMMON_BLOCKS = YES;
				GCC_OPTIMIZATION_LEVEL = 0;
				GCC_PREPROCESSOR_DEFINITIONS = (
					"DEBUG=1",
					"$(inherited)",
				);
				GCC_WARN_64_TO_32_BIT_CONVERSION = YES;
				GCC_WARN_ABOUT_RETURN_TYPE = YES_ERROR;
				GCC_WARN_UNDECLARED_SELECTOR = YES;
				GCC_WARN_UNINITIALIZED_AUTOS = YES_AGGRESSIVE;
				GCC_WARN_UNUSED_FUNCTION = YES;
				GCC_WARN_UNUSED_VARIABLE = YES;
				IPHONEOS_DEPLOYMENT_TARGET = 16.2;
				MTL_ENABLE_DEBUG_INFO = INCLUDE_SOURCE;
				MTL_FAST_MATH = YES;
				ONLY_ACTIVE_ARCH = YES;
				SDKROOT = iphoneos;
				SWIFT_ACTIVE_COMPILATION_CONDITIONS = DEBUG;
				SWIFT_OPTIMIZATION_LEVEL = "-Onone";
			};
			name = Debug;
		};
		AF7AAF86296D54C9001DF0CD /* Release */ = {
			isa = XCBuildConfiguration;
			buildSettings = {
				ALWAYS_SEARCH_USER_PATHS = NO;
				CLANG_ANALYZER_NONNULL = YES;
				CLANG_ANALYZER_NUMBER_OBJECT_CONVERSION = YES_AGGRESSIVE;
				CLANG_CXX_LANGUAGE_STANDARD = "gnu++20";
				CLANG_ENABLE_MODULES = YES;
				CLANG_ENABLE_OBJC_ARC = YES;
				CLANG_ENABLE_OBJC_WEAK = YES;
				CLANG_WARN_BLOCK_CAPTURE_AUTORELEASING = YES;
				CLANG_WARN_BOOL_CONVERSION = YES;
				CLANG_WARN_COMMA = YES;
				CLANG_WARN_CONSTANT_CONVERSION = YES;
				CLANG_WARN_DEPRECATED_OBJC_IMPLEMENTATIONS = YES;
				CLANG_WARN_DIRECT_OBJC_ISA_USAGE = YES_ERROR;
				CLANG_WARN_DOCUMENTATION_COMMENTS = YES;
				CLANG_WARN_EMPTY_BODY = YES;
				CLANG_WARN_ENUM_CONVERSION = YES;
				CLANG_WARN_INFINITE_RECURSION = YES;
				CLANG_WARN_INT_CONVERSION = YES;
				CLANG_WARN_NON_LITERAL_NULL_CONVERSION = YES;
				CLANG_WARN_OBJC_IMPLICIT_RETAIN_SELF = YES;
				CLANG_WARN_OBJC_LITERAL_CONVERSION = YES;
				CLANG_WARN_OBJC_ROOT_CLASS = YES_ERROR;
				CLANG_WARN_QUOTED_INCLUDE_IN_FRAMEWORK_HEADER = YES;
				CLANG_WARN_RANGE_LOOP_ANALYSIS = YES;
				CLANG_WARN_STRICT_PROTOTYPES = YES;
				CLANG_WARN_SUSPICIOUS_MOVE = YES;
				CLANG_WARN_UNGUARDED_AVAILABILITY = YES_AGGRESSIVE;
				CLANG_WARN_UNREACHABLE_CODE = YES;
				CLANG_WARN__DUPLICATE_METHOD_MATCH = YES;
				COPY_PHASE_STRIP = NO;
				DEBUG_INFORMATION_FORMAT = "dwarf-with-dsym";
				ENABLE_NS_ASSERTIONS = NO;
				ENABLE_STRICT_OBJC_MSGSEND = YES;
				GCC_C_LANGUAGE_STANDARD = gnu11;
				GCC_NO_COMMON_BLOCKS = YES;
				GCC_WARN_64_TO_32_BIT_CONVERSION = YES;
				GCC_WARN_ABOUT_RETURN_TYPE = YES_ERROR;
				GCC_WARN_UNDECLARED_SELECTOR = YES;
				GCC_WARN_UNINITIALIZED_AUTOS = YES_AGGRESSIVE;
				GCC_WARN_UNUSED_FUNCTION = YES;
				GCC_WARN_UNUSED_VARIABLE = YES;
				IPHONEOS_DEPLOYMENT_TARGET = 16.2;
				MTL_ENABLE_DEBUG_INFO = NO;
				MTL_FAST_MATH = YES;
				SDKROOT = iphoneos;
				SWIFT_COMPILATION_MODE = wholemodule;
				SWIFT_OPTIMIZATION_LEVEL = "-O";
				VALIDATE_PRODUCT = YES;
			};
			name = Release;
		};
		AF7AAF88296D54C9001DF0CD /* Debug */ = {
			isa = XCBuildConfiguration;
			buildSettings = {
				ASSETCATALOG_COMPILER_APPICON_NAME = AppIcon;
				ASSETCATALOG_COMPILER_GLOBAL_ACCENT_COLOR_NAME = AccentColor;
				CODE_SIGN_STYLE = Automatic;
				CURRENT_PROJECT_VERSION = 1;
				DEVELOPMENT_TEAM = G46T4VKZ45;
				GENERATE_INFOPLIST_FILE = YES;
				INFOPLIST_FILE = BeerBuddy/Environments/Info.plist;
				INFOPLIST_KEY_UIApplicationSupportsIndirectInputEvents = YES;
				INFOPLIST_KEY_UILaunchStoryboardName = LaunchScreen;
				INFOPLIST_KEY_UISupportedInterfaceOrientations = UIInterfaceOrientationPortrait;
				INFOPLIST_KEY_UISupportedInterfaceOrientations_iPad = "UIInterfaceOrientationLandscapeLeft UIInterfaceOrientationLandscapeRight UIInterfaceOrientationPortrait UIInterfaceOrientationPortraitUpsideDown";
				IPHONEOS_DEPLOYMENT_TARGET = 12.0;
				LD_RUNPATH_SEARCH_PATHS = (
					"$(inherited)",
					"@executable_path/Frameworks",
				);
				MARKETING_VERSION = 1.0;
				PRODUCT_BUNDLE_IDENTIFIER = kalaiko.BeerBuddy;
				PRODUCT_NAME = "$(TARGET_NAME)";
				SUPPORTED_PLATFORMS = "iphoneos iphonesimulator";
				SUPPORTS_MACCATALYST = NO;
				SUPPORTS_MAC_DESIGNED_FOR_IPHONE_IPAD = NO;
				SWIFT_EMIT_LOC_STRINGS = YES;
				SWIFT_VERSION = 5.0;
				TARGETED_DEVICE_FAMILY = 1;
			};
			name = Debug;
		};
		AF7AAF89296D54C9001DF0CD /* Release */ = {
			isa = XCBuildConfiguration;
			buildSettings = {
				ASSETCATALOG_COMPILER_APPICON_NAME = AppIcon;
				ASSETCATALOG_COMPILER_GLOBAL_ACCENT_COLOR_NAME = AccentColor;
				CODE_SIGN_STYLE = Automatic;
				CURRENT_PROJECT_VERSION = 1;
				DEVELOPMENT_TEAM = G46T4VKZ45;
				GENERATE_INFOPLIST_FILE = YES;
				INFOPLIST_FILE = BeerBuddy/Environments/Info.plist;
				INFOPLIST_KEY_UIApplicationSupportsIndirectInputEvents = YES;
				INFOPLIST_KEY_UILaunchStoryboardName = LaunchScreen;
				INFOPLIST_KEY_UISupportedInterfaceOrientations = UIInterfaceOrientationPortrait;
				INFOPLIST_KEY_UISupportedInterfaceOrientations_iPad = "UIInterfaceOrientationLandscapeLeft UIInterfaceOrientationLandscapeRight UIInterfaceOrientationPortrait UIInterfaceOrientationPortraitUpsideDown";
				IPHONEOS_DEPLOYMENT_TARGET = 12.0;
				LD_RUNPATH_SEARCH_PATHS = (
					"$(inherited)",
					"@executable_path/Frameworks",
				);
				MARKETING_VERSION = 1.0;
				PRODUCT_BUNDLE_IDENTIFIER = kalaiko.BeerBuddy;
				PRODUCT_NAME = "$(TARGET_NAME)";
				SUPPORTED_PLATFORMS = "iphoneos iphonesimulator";
				SUPPORTS_MACCATALYST = NO;
				SUPPORTS_MAC_DESIGNED_FOR_IPHONE_IPAD = NO;
				SWIFT_EMIT_LOC_STRINGS = YES;
				SWIFT_VERSION = 5.0;
				TARGETED_DEVICE_FAMILY = 1;
			};
			name = Release;
		};
		F20395FF297C2D2000F655C2 /* Debug */ = {
			isa = XCBuildConfiguration;
			buildSettings = {
				CLANG_ENABLE_MODULES = YES;
				CODE_SIGN_STYLE = Automatic;
				CURRENT_PROJECT_VERSION = 1;
				DEVELOPMENT_TEAM = 97UL48L835;
				GENERATE_INFOPLIST_FILE = YES;
				IPHONEOS_DEPLOYMENT_TARGET = 12.0;
				LD_RUNPATH_SEARCH_PATHS = (
					"$(inherited)",
					"@executable_path/Frameworks",
					"@loader_path/Frameworks",
				);
				MARKETING_VERSION = 1.0;
				PRODUCT_BUNDLE_IDENTIFIER = com.kermit.the.frog.BeerBuddyUITests;
				PRODUCT_NAME = "$(TARGET_NAME)";
				SUPPORTED_PLATFORMS = "iphoneos iphonesimulator";
				SUPPORTS_MACCATALYST = NO;
				SUPPORTS_MAC_DESIGNED_FOR_IPHONE_IPAD = NO;
				SWIFT_EMIT_LOC_STRINGS = NO;
				SWIFT_OPTIMIZATION_LEVEL = "-Onone";
				SWIFT_VERSION = 5.0;
				TARGETED_DEVICE_FAMILY = 1;
				TEST_TARGET_NAME = BeerBuddy;
			};
			name = Debug;
		};
		F2039600297C2D2000F655C2 /* Release */ = {
			isa = XCBuildConfiguration;
			buildSettings = {
				CLANG_ENABLE_MODULES = YES;
				CODE_SIGN_STYLE = Automatic;
				CURRENT_PROJECT_VERSION = 1;
				DEVELOPMENT_TEAM = 97UL48L835;
				GENERATE_INFOPLIST_FILE = YES;
				IPHONEOS_DEPLOYMENT_TARGET = 12.0;
				LD_RUNPATH_SEARCH_PATHS = (
					"$(inherited)",
					"@executable_path/Frameworks",
					"@loader_path/Frameworks",
				);
				MARKETING_VERSION = 1.0;
				PRODUCT_BUNDLE_IDENTIFIER = com.kermit.the.frog.BeerBuddyUITests;
				PRODUCT_NAME = "$(TARGET_NAME)";
				SUPPORTED_PLATFORMS = "iphoneos iphonesimulator";
				SUPPORTS_MACCATALYST = NO;
				SUPPORTS_MAC_DESIGNED_FOR_IPHONE_IPAD = NO;
				SWIFT_EMIT_LOC_STRINGS = NO;
				SWIFT_VERSION = 5.0;
				TARGETED_DEVICE_FAMILY = 1;
				TEST_TARGET_NAME = BeerBuddy;
			};
			name = Release;
		};
/* End XCBuildConfiguration section */

/* Begin XCConfigurationList section */
		AF7AAF6E296D54C7001DF0CD /* Build configuration list for PBXProject "BeerBuddy" */ = {
			isa = XCConfigurationList;
			buildConfigurations = (
				AF7AAF85296D54C9001DF0CD /* Debug */,
				AF7AAF86296D54C9001DF0CD /* Release */,
			);
			defaultConfigurationIsVisible = 0;
			defaultConfigurationName = Release;
		};
		AF7AAF87296D54C9001DF0CD /* Build configuration list for PBXNativeTarget "BeerBuddy" */ = {
			isa = XCConfigurationList;
			buildConfigurations = (
				AF7AAF88296D54C9001DF0CD /* Debug */,
				AF7AAF89296D54C9001DF0CD /* Release */,
			);
			defaultConfigurationIsVisible = 0;
			defaultConfigurationName = Release;
		};
		F2039601297C2D2000F655C2 /* Build configuration list for PBXNativeTarget "BeerBuddyUITests" */ = {
			isa = XCConfigurationList;
			buildConfigurations = (
				F20395FF297C2D2000F655C2 /* Debug */,
				F2039600297C2D2000F655C2 /* Release */,
			);
			defaultConfigurationIsVisible = 0;
			defaultConfigurationName = Release;
		};
/* End XCConfigurationList section */

/* Begin XCRemoteSwiftPackageReference section */
		AF00D8012971B743005B6C5D /* XCRemoteSwiftPackageReference "firebase-ios-sdk" */ = {
			isa = XCRemoteSwiftPackageReference;
			repositoryURL = "https://github.com/firebase/firebase-ios-sdk.git";
			requirement = {
				kind = upToNextMajorVersion;
				minimumVersion = 9.0.0;
			};
		};
/* End XCRemoteSwiftPackageReference section */

/* Begin XCSwiftPackageProductDependency section */
		AF00D8022971B743005B6C5D /* FirebaseAuth */ = {
			isa = XCSwiftPackageProductDependency;
			package = AF00D8012971B743005B6C5D /* XCRemoteSwiftPackageReference "firebase-ios-sdk" */;
			productName = FirebaseAuth;
		};
		AF00D8042971B743005B6C5D /* FirebaseDatabase */ = {
			isa = XCSwiftPackageProductDependency;
			package = AF00D8012971B743005B6C5D /* XCRemoteSwiftPackageReference "firebase-ios-sdk" */;
			productName = FirebaseDatabase;
		};
		AF00D8062971B743005B6C5D /* FirebaseFirestore */ = {
			isa = XCSwiftPackageProductDependency;
			package = AF00D8012971B743005B6C5D /* XCRemoteSwiftPackageReference "firebase-ios-sdk" */;
			productName = FirebaseFirestore;
		};
/* End XCSwiftPackageProductDependency section */
	};
	rootObject = AF7AAF6B296D54C7001DF0CD /* Project object */;
}
